
Microsoft Visual Studio Solution File, Format Version 12.00
# Visual Studio Version 17
VisualStudioVersion = 17.13.35913.81 d17.13
MinimumVisualStudioVersion = 10.0.40219.1
Project("{FAE04EC0-301F-11D3-BF4B-00C04F79EFBC}") = "LABTEST2", "LABTEST2\LABTEST2.csproj", "{CF8E372C-4D7C-4F9F-BB8D-85402132A054}"
EndProject
Global
	GlobalSection(SolutionConfigurationPlatforms) = preSolution
		Debug|Any CPU = Debug|Any CPU
		Release|Any CPU = Release|Any CPU
	EndGlobalSection
	GlobalSection(ProjectConfigurationPlatforms) = postSolution
		{CF8E372C-4D7C-4F9F-BB8D-85402132A054}.Debug|Any CPU.ActiveCfg = Debug|Any CPU
		{CF8E372C-4D7C-4F9F-BB8D-85402132A054}.Debug|Any CPU.Build.0 = Debug|Any CPU
		{CF8E372C-4D7C-4F9F-BB8D-85402132A054}.Release|Any CPU.ActiveCfg = Release|Any CPU
		{CF8E372C-4D7C-4F9F-BB8D-85402132A054}.Release|Any CPU.Build.0 = Release|Any CPU
	EndGlobalSection
	GlobalSection(SolutionProperties) = preSolution
		HideSolutionNode = FALSE
	EndGlobalSection
	GlobalSection(ExtensibilityGlobals) = postSolution
		SolutionGuid = {E728DC09-29FF-4848-9E84-2B1E53C2C22C}
	EndGlobalSection
EndGlobal
